
Microsoft Visual Studio Solution File, Format Version 12.00
# Visual Studio 15
Project("{FAE04EC0-301F-11D3-BF4B-00C04F79EFBC}") = "UnityEngine.TestRunner", "UnityEngine.TestRunner.csproj", "{E42A9A3B-3DBF-C5D9-B68D-2753E8C54EF6}"
EndProject
Project("{FAE04EC0-301F-11D3-BF4B-00C04F79EFBC}") = "UnityEngine.UI", "UnityEngine.UI.csproj", "{55D8E8E1-E6ED-7C69-BAB5-7220293251E9}"
EndProject
Project("{FAE04EC0-301F-11D3-BF4B-00C04F79EFBC}") = "Unity.VisualScripting.Flow", "Unity.VisualScripting.Flow.csproj", "{EA42C238-58F3-A0B8-EB36-5019E353AAA8}"
EndProject
Project("{FAE04EC0-301F-11D3-BF4B-00C04F79EFBC}") = "Unity.VisualScripting.State", "Unity.VisualScripting.State.csproj", "{C6F7D4D0-356E-36F7-08DA-DC3EC34E29BA}"
EndProject
Project("{FAE04EC0-301F-11D3-BF4B-00C04F79EFBC}") = "Unity.VisualScripting.Core", "Unity.VisualScripting.Core.csproj", "{ED819566-077F-E4CE-D130-B3ACA2F2BEB5}"
EndProject
Project("{FAE04EC0-301F-11D3-BF4B-00C04F79EFBC}") = "Unity.TextMeshPro", "Unity.TextMeshPro.csproj", "{3BD57877-C1F4-95DA-953B-95ED9AEADDF1}"
EndProject
Project("{FAE04EC0-301F-11D3-BF4B-00C04F79EFBC}") = "Cinemachine", "Cinemachine.csproj", "{645D30E0-88AE-43AA-73A2-D4ADD2133392}"
EndProject
Project("{FAE04EC0-301F-11D3-BF4B-00C04F79EFBC}") = "Unity.Timeline", "Unity.Timeline.csproj", "{EE5CDA83-2650-664F-DA1B-FE6256D52E13}"
EndProject
Project("{FAE04EC0-301F-11D3-BF4B-00C04F79EFBC}") = "Autodesk.Fbx", "Autodesk.Fbx.csproj", "{AB6DD875-95EF-4688-654F-C42B5D72B2BE}"
EndProject
Project("{FAE04EC0-301F-11D3-BF4B-00C04F79EFBC}") = "Assembly-CSharp", "Assembly-CSharp.csproj", "{037C2447-F55D-C39A-6DCC-04176D05C0CC}"
EndProject
Project("{FAE04EC0-301F-11D3-BF4B-00C04F79EFBC}") = "Unity.Sequences", "Unity.Sequences.csproj", "{4BF03B8F-6E63-0A4C-CDB4-24BC96DF313A}"
EndProject
Project("{FAE04EC0-301F-11D3-BF4B-00C04F79EFBC}") = "Unity.Formats.Alembic.Runtime", "Unity.Formats.Alembic.Runtime.csproj", "{27233964-1CE4-AEAC-9170-2B2F926BB3BB}"
EndProject
Project("{FAE04EC0-301F-11D3-BF4B-00C04F79EFBC}") = "Unity.Recorder", "Unity.Recorder.csproj", "{D235AA57-503D-726F-2558-80DB88FD245C}"
EndProject
Project("{FAE04EC0-301F-11D3-BF4B-00C04F79EFBC}") = "Unity.Formats.Fbx.Runtime", "Unity.Formats.Fbx.Runtime.csproj", "{A662367D-A45B-4FAE-DE3D-4E48E29D75F5}"
EndProject
Project("{FAE04EC0-301F-11D3-BF4B-00C04F79EFBC}") = "Unity.Recorder.Base", "Unity.Recorder.Base.csproj", "{E52B8EC0-5496-69C2-F764-878A8E041F7E}"
EndProject
Project("{FAE04EC0-301F-11D3-BF4B-00C04F79EFBC}") = "FbxBuildTestAssets", "FbxBuildTestAssets.csproj", "{B1ED3EB5-F247-68F0-634F-DB1683FBB42E}"
EndProject
Project("{FAE04EC0-301F-11D3-BF4B-00C04F79EFBC}") = "Unity.PlasticSCM.Editor", "Unity.PlasticSCM.Editor.csproj", "{30FE3962-84D7-ABF4-8DF4-5D8780C0DD0F}"
EndProject
Project("{FAE04EC0-301F-11D3-BF4B-00C04F79EFBC}") = "Unity.VisualScripting.Core.Editor", "Unity.VisualScripting.Core.Editor.csproj", "{F55EFA8C-C7DA-5C3F-DEC3-92A7C98A3F2B}"
EndProject
Project("{FAE04EC0-301F-11D3-BF4B-00C04F79EFBC}") = "Unity.VisualScripting.Flow.Editor", "Unity.VisualScripting.Flow.Editor.csproj", "{625B379D-4F70-C9EE-6C03-C0611B8A0CC5}"
EndProject
Project("{FAE04EC0-301F-11D3-BF4B-00C04F79EFBC}") = "Unity.Sequences.Editor", "Unity.Sequences.Editor.csproj", "{D35637BB-CD77-7463-6FB1-4518C7BBAAAF}"
EndProject
Project("{FAE04EC0-301F-11D3-BF4B-00C04F79EFBC}") = "Unity.Formats.Fbx.Editor", "Unity.Formats.Fbx.Editor.csproj", "{D46B1623-2F44-FEBB-C6D4-B03BF1A1A925}"
EndProject
Project("{FAE04EC0-301F-11D3-BF4B-00C04F79EFBC}") = "Unity.Formats.Alembic.Editor", "Unity.Formats.Alembic.Editor.csproj", "{1E67B5FA-1D45-8FAC-B879-C27556D2FE6C}"
EndProject
Project("{FAE04EC0-301F-11D3-BF4B-00C04F79EFBC}") = "Unity.VisualStudio.Editor", "Unity.VisualStudio.Editor.csproj", "{2082AD3D-A9AD-110E-5AAD-0E9B6BCD1F5E}"
EndProject
Project("{FAE04EC0-301F-11D3-BF4B-00C04F79EFBC}") = "Unity.Timeline.Editor", "Unity.Timeline.Editor.csproj", "{1446FD0F-7E63-FFB0-7D3B-344064475AFB}"
EndProject
Project("{FAE04EC0-301F-11D3-BF4B-00C04F79EFBC}") = "Unity.Recorder.Editor", "Unity.Recorder.Editor.csproj", "{3E40046D-CB21-554E-B96D-5903C12476A3}"
EndProject
Project("{FAE04EC0-301F-11D3-BF4B-00C04F79EFBC}") = "com.unity.cinemachine.editor", "com.unity.cinemachine.editor.csproj", "{5C6C8569-0D42-0F5F-108C-185A28D1EDD9}"
EndProject
Project("{FAE04EC0-301F-11D3-BF4B-00C04F79EFBC}") = "Unity.VisualScripting.State.Editor", "Unity.VisualScripting.State.Editor.csproj", "{EFA207F4-3F0B-EEE6-1E01-E1EBA2EC7A52}"
EndProject
Project("{FAE04EC0-301F-11D3-BF4B-00C04F79EFBC}") = "Unity.TextMeshPro.Editor", "Unity.TextMeshPro.Editor.csproj", "{DFDE1B2D-A3CA-087B-D0AC-3995EF8E5921}"
EndProject
Project("{FAE04EC0-301F-11D3-BF4B-00C04F79EFBC}") = "Unity.VisualScripting.SettingsProvider.Editor", "Unity.VisualScripting.SettingsProvider.Editor.csproj", "{E5ACF733-6C63-CD2C-12C9-6F03E3B7B867}"
EndProject
Project("{FAE04EC0-301F-11D3-BF4B-00C04F79EFBC}") = "UnityEditor.TestRunner", "UnityEditor.TestRunner.csproj", "{6A576E05-D1C8-B611-D9BC-7B6854DFE94A}"
EndProject
Project("{FAE04EC0-301F-11D3-BF4B-00C04F79EFBC}") = "Unity.Rider.Editor", "Unity.Rider.Editor.csproj", "{FF086390-E61D-BE99-1ECD-234BFED1666F}"
EndProject
Project("{FAE04EC0-301F-11D3-BF4B-00C04F79EFBC}") = "Unity.VSCode.Editor", "Unity.VSCode.Editor.csproj", "{23526351-4BF5-B3D3-5F21-47EF0EF6B87B}"
EndProject
Project("{FAE04EC0-301F-11D3-BF4B-00C04F79EFBC}") = "UnityEditor.UI", "UnityEditor.UI.csproj", "{CE07732D-F3BA-8A54-A02A-34EF56BCADA7}"
EndProject
Project("{FAE04EC0-301F-11D3-BF4B-00C04F79EFBC}") = "Unity.Settings.Editor", "Unity.Settings.Editor.csproj", "{E28A281C-5392-CDE1-B544-208658B021DB}"
EndProject
Project("{FAE04EC0-301F-11D3-BF4B-00C04F79EFBC}") = "Unity.CollabProxy.Editor", "Unity.CollabProxy.Editor.csproj", "{56AC410A-A53D-CE9C-B41D-30737FE3D033}"
EndProject
Project("{FAE04EC0-301F-11D3-BF4B-00C04F79EFBC}") = "Autodesk.Fbx.Editor", "Autodesk.Fbx.Editor.csproj", "{A19C5793-D314-3058-17CA-A0FCA18E92B1}"
EndProject
Project("{FAE04EC0-301F-11D3-BF4B-00C04F79EFBC}") = "Unity.VisualScripting.Shared.Editor", "Unity.VisualScripting.Shared.Editor.csproj", "{1FD77861-DBFA-0067-8CDB-E1392B5D6CB7}"
EndProject
Project("{FAE04EC0-301F-11D3-BF4B-00C04F79EFBC}") = "UnityEngine.TestRunner", "UnityEngine.TestRunner.Player.csproj", "{53219762-0EAB-C2CD-CEA7-2A3341AA88B9}"
EndProject
Project("{FAE04EC0-301F-11D3-BF4B-00C04F79EFBC}") = "UnityEngine.UI", "UnityEngine.UI.Player.csproj", "{F8022977-3EE9-FA8F-461B-5A4821D18674}"
EndProject
Project("{FAE04EC0-301F-11D3-BF4B-00C04F79EFBC}") = "Unity.VisualScripting.Flow", "Unity.VisualScripting.Flow.Player.csproj", "{5196C56C-4822-A755-08E3-519C2296E45A}"
EndProject
Project("{FAE04EC0-301F-11D3-BF4B-00C04F79EFBC}") = "Unity.VisualScripting.State", "Unity.VisualScripting.State.Player.csproj", "{1371CE96-CB43-5EA7-129C-017A57977062}"
EndProject
Project("{FAE04EC0-301F-11D3-BF4B-00C04F79EFBC}") = "Unity.VisualScripting.Core", "Unity.VisualScripting.Core.Player.csproj", "{AB2CB0F1-C32D-E30E-53FC-9175F6E774C3}"
EndProject
Project("{FAE04EC0-301F-11D3-BF4B-00C04F79EFBC}") = "Unity.TextMeshPro", "Unity.TextMeshPro.Player.csproj", "{05EDFBE0-7445-89FD-3926-8A2168DA033D}"
EndProject
Project("{FAE04EC0-301F-11D3-BF4B-00C04F79EFBC}") = "Cinemachine", "Cinemachine.Player.csproj", "{32CEE1B8-8681-85ED-29BF-5A5A0EFED9F3}"
EndProject
Project("{FAE04EC0-301F-11D3-BF4B-00C04F79EFBC}") = "Unity.Timeline", "Unity.Timeline.Player.csproj", "{E0C05F42-A361-0597-D175-1B878A1FE6E0}"
EndProject
Project("{FAE04EC0-301F-11D3-BF4B-00C04F79EFBC}") = "Autodesk.Fbx", "Autodesk.Fbx.Player.csproj", "{5E27F41E-F9A0-A347-4F91-E2FCC09AD7C6}"
EndProject
Project("{FAE04EC0-301F-11D3-BF4B-00C04F79EFBC}") = "Assembly-CSharp", "Assembly-CSharp.Player.csproj", "{535E763F-682C-CEF9-483C-FFBC3C29ECB5}"
EndProject
Project("{FAE04EC0-301F-11D3-BF4B-00C04F79EFBC}") = "Unity.Sequences", "Unity.Sequences.Player.csproj", "{AF6888A6-D53C-C686-3D41-7A51EDAEAAB4}"
EndProject
Project("{FAE04EC0-301F-11D3-BF4B-00C04F79EFBC}") = "Unity.Formats.Alembic.Runtime", "Unity.Formats.Alembic.Runtime.Player.csproj", "{847B1E73-F667-E75A-2C25-1C7D447382EB}"
EndProject
Project("{FAE04EC0-301F-11D3-BF4B-00C04F79EFBC}") = "Unity.Recorder", "Unity.Recorder.Player.csproj", "{194DF573-931A-72BA-384C-8BC4D2B82781}"
EndProject
Project("{FAE04EC0-301F-11D3-BF4B-00C04F79EFBC}") = "Unity.Formats.Fbx.Runtime", "Unity.Formats.Fbx.Runtime.Player.csproj", "{39E614CB-63B8-5C0D-B98C-F56523247426}"
EndProject
Project("{FAE04EC0-301F-11D3-BF4B-00C04F79EFBC}") = "Unity.Recorder.Base", "Unity.Recorder.Base.Player.csproj", "{43A7519E-CE30-0F27-F712-867549DE3F26}"
EndProject
Project("{FAE04EC0-301F-11D3-BF4B-00C04F79EFBC}") = "FbxBuildTestAssets", "FbxBuildTestAssets.Player.csproj", "{25AF3906-F03C-62FF-0F4F-87BA6594E54F}"
EndProject
Global
	GlobalSection(SolutionConfigurationPlatforms) = preSolution
		Debug|Any CPU = Debug|Any CPU
		Release|Any CPU = Release|Any CPU
	EndGlobalSection
	GlobalSection(ProjectConfigurationPlatforms) = postSolution
		{E42A9A3B-3DBF-C5D9-B68D-2753E8C54EF6}.Debug|Any CPU.ActiveCfg = Debug|Any CPU
		{E42A9A3B-3DBF-C5D9-B68D-2753E8C54EF6}.Debug|Any CPU.Build.0 = Debug|Any CPU
		{E42A9A3B-3DBF-C5D9-B68D-2753E8C54EF6}.Release|Any CPU.ActiveCfg = Release|Any CPU
		{E42A9A3B-3DBF-C5D9-B68D-2753E8C54EF6}.Release|Any CPU.Build.0 = Release|Any CPU
		{55D8E8E1-E6ED-7C69-BAB5-7220293251E9}.Debug|Any CPU.ActiveCfg = Debug|Any CPU
		{55D8E8E1-E6ED-7C69-BAB5-7220293251E9}.Debug|Any CPU.Build.0 = Debug|Any CPU
		{55D8E8E1-E6ED-7C69-BAB5-7220293251E9}.Release|Any CPU.ActiveCfg = Release|Any CPU
		{55D8E8E1-E6ED-7C69-BAB5-7220293251E9}.Release|Any CPU.Build.0 = Release|Any CPU
		{EA42C238-58F3-A0B8-EB36-5019E353AAA8}.Debug|Any CPU.ActiveCfg = Debug|Any CPU
		{EA42C238-58F3-A0B8-EB36-5019E353AAA8}.Debug|Any CPU.Build.0 = Debug|Any CPU
		{EA42C238-58F3-A0B8-EB36-5019E353AAA8}.Release|Any CPU.ActiveCfg = Release|Any CPU
		{EA42C238-58F3-A0B8-EB36-5019E353AAA8}.Release|Any CPU.Build.0 = Release|Any CPU
		{C6F7D4D0-356E-36F7-08DA-DC3EC34E29BA}.Debug|Any CPU.ActiveCfg = Debug|Any CPU
		{C6F7D4D0-356E-36F7-08DA-DC3EC34E29BA}.Debug|Any CPU.Build.0 = Debug|Any CPU
		{C6F7D4D0-356E-36F7-08DA-DC3EC34E29BA}.Release|Any CPU.ActiveCfg = Release|Any CPU
		{C6F7D4D0-356E-36F7-08DA-DC3EC34E29BA}.Release|Any CPU.Build.0 = Release|Any CPU
		{ED819566-077F-E4CE-D130-B3ACA2F2BEB5}.Debug|Any CPU.ActiveCfg = Debug|Any CPU
		{ED819566-077F-E4CE-D130-B3ACA2F2BEB5}.Debug|Any CPU.Build.0 = Debug|Any CPU
		{ED819566-077F-E4CE-D130-B3ACA2F2BEB5}.Release|Any CPU.ActiveCfg = Release|Any CPU
		{ED819566-077F-E4CE-D130-B3ACA2F2BEB5}.Release|Any CPU.Build.0 = Release|Any CPU
		{3BD57877-C1F4-95DA-953B-95ED9AEADDF1}.Debug|Any CPU.ActiveCfg = Debug|Any CPU
		{3BD57877-C1F4-95DA-953B-95ED9AEADDF1}.Debug|Any CPU.Build.0 = Debug|Any CPU
		{3BD57877-C1F4-95DA-953B-95ED9AEADDF1}.Release|Any CPU.ActiveCfg = Release|Any CPU
		{3BD57877-C1F4-95DA-953B-95ED9AEADDF1}.Release|Any CPU.Build.0 = Release|Any CPU
		{645D30E0-88AE-43AA-73A2-D4ADD2133392}.Debug|Any CPU.ActiveCfg = Debug|Any CPU
		{645D30E0-88AE-43AA-73A2-D4ADD2133392}.Debug|Any CPU.Build.0 = Debug|Any CPU
		{645D30E0-88AE-43AA-73A2-D4ADD2133392}.Release|Any CPU.ActiveCfg = Release|Any CPU
		{645D30E0-88AE-43AA-73A2-D4ADD2133392}.Release|Any CPU.Build.0 = Release|Any CPU
		{EE5CDA83-2650-664F-DA1B-FE6256D52E13}.Debug|Any CPU.ActiveCfg = Debug|Any CPU
		{EE5CDA83-2650-664F-DA1B-FE6256D52E13}.Debug|Any CPU.Build.0 = Debug|Any CPU
		{EE5CDA83-2650-664F-DA1B-FE6256D52E13}.Release|Any CPU.ActiveCfg = Release|Any CPU
		{EE5CDA83-2650-664F-DA1B-FE6256D52E13}.Release|Any CPU.Build.0 = Release|Any CPU
		{AB6DD875-95EF-4688-654F-C42B5D72B2BE}.Debug|Any CPU.ActiveCfg = Debug|Any CPU
		{AB6DD875-95EF-4688-654F-C42B5D72B2BE}.Debug|Any CPU.Build.0 = Debug|Any CPU
		{AB6DD875-95EF-4688-654F-C42B5D72B2BE}.Release|Any CPU.ActiveCfg = Release|Any CPU
		{AB6DD875-95EF-4688-654F-C42B5D72B2BE}.Release|Any CPU.Build.0 = Release|Any CPU
		{037C2447-F55D-C39A-6DCC-04176D05C0CC}.Debug|Any CPU.ActiveCfg = Debug|Any CPU
		{037C2447-F55D-C39A-6DCC-04176D05C0CC}.Debug|Any CPU.Build.0 = Debug|Any CPU
		{037C2447-F55D-C39A-6DCC-04176D05C0CC}.Release|Any CPU.ActiveCfg = Release|Any CPU
		{037C2447-F55D-C39A-6DCC-04176D05C0CC}.Release|Any CPU.Build.0 = Release|Any CPU
		{4BF03B8F-6E63-0A4C-CDB4-24BC96DF313A}.Debug|Any CPU.ActiveCfg = Debug|Any CPU
		{4BF03B8F-6E63-0A4C-CDB4-24BC96DF313A}.Debug|Any CPU.Build.0 = Debug|Any CPU
		{4BF03B8F-6E63-0A4C-CDB4-24BC96DF313A}.Release|Any CPU.ActiveCfg = Release|Any CPU
		{4BF03B8F-6E63-0A4C-CDB4-24BC96DF313A}.Release|Any CPU.Build.0 = Release|Any CPU
		{27233964-1CE4-AEAC-9170-2B2F926BB3BB}.Debug|Any CPU.ActiveCfg = Debug|Any CPU
		{27233964-1CE4-AEAC-9170-2B2F926BB3BB}.Debug|Any CPU.Build.0 = Debug|Any CPU
		{27233964-1CE4-AEAC-9170-2B2F926BB3BB}.Release|Any CPU.ActiveCfg = Release|Any CPU
		{27233964-1CE4-AEAC-9170-2B2F926BB3BB}.Release|Any CPU.Build.0 = Release|Any CPU
		{D235AA57-503D-726F-2558-80DB88FD245C}.Debug|Any CPU.ActiveCfg = Debug|Any CPU
		{D235AA57-503D-726F-2558-80DB88FD245C}.Debug|Any CPU.Build.0 = Debug|Any CPU
		{D235AA57-503D-726F-2558-80DB88FD245C}.Release|Any CPU.ActiveCfg = Release|Any CPU
		{D235AA57-503D-726F-2558-80DB88FD245C}.Release|Any CPU.Build.0 = Release|Any CPU
		{A662367D-A45B-4FAE-DE3D-4E48E29D75F5}.Debug|Any CPU.ActiveCfg = Debug|Any CPU
		{A662367D-A45B-4FAE-DE3D-4E48E29D75F5}.Debug|Any CPU.Build.0 = Debug|Any CPU
		{A662367D-A45B-4FAE-DE3D-4E48E29D75F5}.Release|Any CPU.ActiveCfg = Release|Any CPU
		{A662367D-A45B-4FAE-DE3D-4E48E29D75F5}.Release|Any CPU.Build.0 = Release|Any CPU
		{E52B8EC0-5496-69C2-F764-878A8E041F7E}.Debug|Any CPU.ActiveCfg = Debug|Any CPU
		{E52B8EC0-5496-69C2-F764-878A8E041F7E}.Debug|Any CPU.Build.0 = Debug|Any CPU
		{E52B8EC0-5496-69C2-F764-878A8E041F7E}.Release|Any CPU.ActiveCfg = Release|Any CPU
		{E52B8EC0-5496-69C2-F764-878A8E041F7E}.Release|Any CPU.Build.0 = Release|Any CPU
		{B1ED3EB5-F247-68F0-634F-DB1683FBB42E}.Debug|Any CPU.ActiveCfg = Debug|Any CPU
		{B1ED3EB5-F247-68F0-634F-DB1683FBB42E}.Debug|Any CPU.Build.0 = Debug|Any CPU
		{B1ED3EB5-F247-68F0-634F-DB1683FBB42E}.Release|Any CPU.ActiveCfg = Release|Any CPU
		{B1ED3EB5-F247-68F0-634F-DB1683FBB42E}.Release|Any CPU.Build.0 = Release|Any CPU
		{30FE3962-84D7-ABF4-8DF4-5D8780C0DD0F}.Debug|Any CPU.ActiveCfg = Debug|Any CPU
		{30FE3962-84D7-ABF4-8DF4-5D8780C0DD0F}.Debug|Any CPU.Build.0 = Debug|Any CPU
		{30FE3962-84D7-ABF4-8DF4-5D8780C0DD0F}.Release|Any CPU.ActiveCfg = Release|Any CPU
		{30FE3962-84D7-ABF4-8DF4-5D8780C0DD0F}.Release|Any CPU.Build.0 = Release|Any CPU
		{F55EFA8C-C7DA-5C3F-DEC3-92A7C98A3F2B}.Debug|Any CPU.ActiveCfg = Debug|Any CPU
		{F55EFA8C-C7DA-5C3F-DEC3-92A7C98A3F2B}.Debug|Any CPU.Build.0 = Debug|Any CPU
		{F55EFA8C-C7DA-5C3F-DEC3-92A7C98A3F2B}.Release|Any CPU.ActiveCfg = Release|Any CPU
		{F55EFA8C-C7DA-5C3F-DEC3-92A7C98A3F2B}.Release|Any CPU.Build.0 = Release|Any CPU
		{625B379D-4F70-C9EE-6C03-C0611B8A0CC5}.Debug|Any CPU.ActiveCfg = Debug|Any CPU
		{625B379D-4F70-C9EE-6C03-C0611B8A0CC5}.Debug|Any CPU.Build.0 = Debug|Any CPU
		{625B379D-4F70-C9EE-6C03-C0611B8A0CC5}.Release|Any CPU.ActiveCfg = Release|Any CPU
		{625B379D-4F70-C9EE-6C03-C0611B8A0CC5}.Release|Any CPU.Build.0 = Release|Any CPU
		{D35637BB-CD77-7463-6FB1-4518C7BBAAAF}.Debug|Any CPU.ActiveCfg = Debug|Any CPU
		{D35637BB-CD77-7463-6FB1-4518C7BBAAAF}.Debug|Any CPU.Build.0 = Debug|Any CPU
		{D35637BB-CD77-7463-6FB1-4518C7BBAAAF}.Release|Any CPU.ActiveCfg = Release|Any CPU
		{D35637BB-CD77-7463-6FB1-4518C7BBAAAF}.Release|Any CPU.Build.0 = Release|Any CPU
		{D46B1623-2F44-FEBB-C6D4-B03BF1A1A925}.Debug|Any CPU.ActiveCfg = Debug|Any CPU
		{D46B1623-2F44-FEBB-C6D4-B03BF1A1A925}.Debug|Any CPU.Build.0 = Debug|Any CPU
		{D46B1623-2F44-FEBB-C6D4-B03BF1A1A925}.Release|Any CPU.ActiveCfg = Release|Any CPU
		{D46B1623-2F44-FEBB-C6D4-B03BF1A1A925}.Release|Any CPU.Build.0 = Release|Any CPU
		{1E67B5FA-1D45-8FAC-B879-C27556D2FE6C}.Debug|Any CPU.ActiveCfg = Debug|Any CPU
		{1E67B5FA-1D45-8FAC-B879-C27556D2FE6C}.Debug|Any CPU.Build.0 = Debug|Any CPU
		{1E67B5FA-1D45-8FAC-B879-C27556D2FE6C}.Release|Any CPU.ActiveCfg = Release|Any CPU
		{1E67B5FA-1D45-8FAC-B879-C27556D2FE6C}.Release|Any CPU.Build.0 = Release|Any CPU
		{2082AD3D-A9AD-110E-5AAD-0E9B6BCD1F5E}.Debug|Any CPU.ActiveCfg = Debug|Any CPU
		{2082AD3D-A9AD-110E-5AAD-0E9B6BCD1F5E}.Debug|Any CPU.Build.0 = Debug|Any CPU
		{2082AD3D-A9AD-110E-5AAD-0E9B6BCD1F5E}.Release|Any CPU.ActiveCfg = Release|Any CPU
		{2082AD3D-A9AD-110E-5AAD-0E9B6BCD1F5E}.Release|Any CPU.Build.0 = Release|Any CPU
		{1446FD0F-7E63-FFB0-7D3B-344064475AFB}.Debug|Any CPU.ActiveCfg = Debug|Any CPU
		{1446FD0F-7E63-FFB0-7D3B-344064475AFB}.Debug|Any CPU.Build.0 = Debug|Any CPU
		{1446FD0F-7E63-FFB0-7D3B-344064475AFB}.Release|Any CPU.ActiveCfg = Release|Any CPU
		{1446FD0F-7E63-FFB0-7D3B-344064475AFB}.Release|Any CPU.Build.0 = Release|Any CPU
		{3E40046D-CB21-554E-B96D-5903C12476A3}.Debug|Any CPU.ActiveCfg = Debug|Any CPU
		{3E40046D-CB21-554E-B96D-5903C12476A3}.Debug|Any CPU.Build.0 = Debug|Any CPU
		{3E40046D-CB21-554E-B96D-5903C12476A3}.Release|Any CPU.ActiveCfg = Release|Any CPU
		{3E40046D-CB21-554E-B96D-5903C12476A3}.Release|Any CPU.Build.0 = Release|Any CPU
		{5C6C8569-0D42-0F5F-108C-185A28D1EDD9}.Debug|Any CPU.ActiveCfg = Debug|Any CPU
		{5C6C8569-0D42-0F5F-108C-185A28D1EDD9}.Debug|Any CPU.Build.0 = Debug|Any CPU
		{5C6C8569-0D42-0F5F-108C-185A28D1EDD9}.Release|Any CPU.ActiveCfg = Release|Any CPU
		{5C6C8569-0D42-0F5F-108C-185A28D1EDD9}.Release|Any CPU.Build.0 = Release|Any CPU
		{EFA207F4-3F0B-EEE6-1E01-E1EBA2EC7A52}.Debug|Any CPU.ActiveCfg = Debug|Any CPU
		{EFA207F4-3F0B-EEE6-1E01-E1EBA2EC7A52}.Debug|Any CPU.Build.0 = Debug|Any CPU
		{EFA207F4-3F0B-EEE6-1E01-E1EBA2EC7A52}.Release|Any CPU.ActiveCfg = Release|Any CPU
		{EFA207F4-3F0B-EEE6-1E01-E1EBA2EC7A52}.Release|Any CPU.Build.0 = Release|Any CPU
		{DFDE1B2D-A3CA-087B-D0AC-3995EF8E5921}.Debug|Any CPU.ActiveCfg = Debug|Any CPU
		{DFDE1B2D-A3CA-087B-D0AC-3995EF8E5921}.Debug|Any CPU.Build.0 = Debug|Any CPU
		{DFDE1B2D-A3CA-087B-D0AC-3995EF8E5921}.Release|Any CPU.ActiveCfg = Release|Any CPU
		{DFDE1B2D-A3CA-087B-D0AC-3995EF8E5921}.Release|Any CPU.Build.0 = Release|Any CPU
		{E5ACF733-6C63-CD2C-12C9-6F03E3B7B867}.Debug|Any CPU.ActiveCfg = Debug|Any CPU
		{E5ACF733-6C63-CD2C-12C9-6F03E3B7B867}.Debug|Any CPU.Build.0 = Debug|Any CPU
		{E5ACF733-6C63-CD2C-12C9-6F03E3B7B867}.Release|Any CPU.ActiveCfg = Release|Any CPU
		{E5ACF733-6C63-CD2C-12C9-6F03E3B7B867}.Release|Any CPU.Build.0 = Release|Any CPU
		{6A576E05-D1C8-B611-D9BC-7B6854DFE94A}.Debug|Any CPU.ActiveCfg = Debug|Any CPU
		{6A576E05-D1C8-B611-D9BC-7B6854DFE94A}.Debug|Any CPU.Build.0 = Debug|Any CPU
		{6A576E05-D1C8-B611-D9BC-7B6854DFE94A}.Release|Any CPU.ActiveCfg = Release|Any CPU
		{6A576E05-D1C8-B611-D9BC-7B6854DFE94A}.Release|Any CPU.Build.0 = Release|Any CPU
		{FF086390-E61D-BE99-1ECD-234BFED1666F}.Debug|Any CPU.ActiveCfg = Debug|Any CPU
		{FF086390-E61D-BE99-1ECD-234BFED1666F}.Debug|Any CPU.Build.0 = Debug|Any CPU
		{FF086390-E61D-BE99-1ECD-234BFED1666F}.Release|Any CPU.ActiveCfg = Release|Any CPU
		{FF086390-E61D-BE99-1ECD-234BFED1666F}.Release|Any CPU.Build.0 = Release|Any CPU
		{23526351-4BF5-B3D3-5F21-47EF0EF6B87B}.Debug|Any CPU.ActiveCfg = Debug|Any CPU
		{23526351-4BF5-B3D3-5F21-47EF0EF6B87B}.Debug|Any CPU.Build.0 = Debug|Any CPU
		{23526351-4BF5-B3D3-5F21-47EF0EF6B87B}.Release|Any CPU.ActiveCfg = Release|Any CPU
		{23526351-4BF5-B3D3-5F21-47EF0EF6B87B}.Release|Any CPU.Build.0 = Release|Any CPU
		{CE07732D-F3BA-8A54-A02A-34EF56BCADA7}.Debug|Any CPU.ActiveCfg = Debug|Any CPU
		{CE07732D-F3BA-8A54-A02A-34EF56BCADA7}.Debug|Any CPU.Build.0 = Debug|Any CPU
		{CE07732D-F3BA-8A54-A02A-34EF56BCADA7}.Release|Any CPU.ActiveCfg = Release|Any CPU
		{CE07732D-F3BA-8A54-A02A-34EF56BCADA7}.Release|Any CPU.Build.0 = Release|Any CPU
		{E28A281C-5392-CDE1-B544-208658B021DB}.Debug|Any CPU.ActiveCfg = Debug|Any CPU
		{E28A281C-5392-CDE1-B544-208658B021DB}.Debug|Any CPU.Build.0 = Debug|Any CPU
		{E28A281C-5392-CDE1-B544-208658B021DB}.Release|Any CPU.ActiveCfg = Release|Any CPU
		{E28A281C-5392-CDE1-B544-208658B021DB}.Release|Any CPU.Build.0 = Release|Any CPU
		{56AC410A-A53D-CE9C-B41D-30737FE3D033}.Debug|Any CPU.ActiveCfg = Debug|Any CPU
		{56AC410A-A53D-CE9C-B41D-30737FE3D033}.Debug|Any CPU.Build.0 = Debug|Any CPU
		{56AC410A-A53D-CE9C-B41D-30737FE3D033}.Release|Any CPU.ActiveCfg = Release|Any CPU
		{56AC410A-A53D-CE9C-B41D-30737FE3D033}.Release|Any CPU.Build.0 = Release|Any CPU
		{A19C5793-D314-3058-17CA-A0FCA18E92B1}.Debug|Any CPU.ActiveCfg = Debug|Any CPU
		{A19C5793-D314-3058-17CA-A0FCA18E92B1}.Debug|Any CPU.Build.0 = Debug|Any CPU
		{A19C5793-D314-3058-17CA-A0FCA18E92B1}.Release|Any CPU.ActiveCfg = Release|Any CPU
		{A19C5793-D314-3058-17CA-A0FCA18E92B1}.Release|Any CPU.Build.0 = Release|Any CPU
		{1FD77861-DBFA-0067-8CDB-E1392B5D6CB7}.Debug|Any CPU.ActiveCfg = Debug|Any CPU
		{1FD77861-DBFA-0067-8CDB-E1392B5D6CB7}.Debug|Any CPU.Build.0 = Debug|Any CPU
		{1FD77861-DBFA-0067-8CDB-E1392B5D6CB7}.Release|Any CPU.ActiveCfg = Release|Any CPU
		{1FD77861-DBFA-0067-8CDB-E1392B5D6CB7}.Release|Any CPU.Build.0 = Release|Any CPU
		{53219762-0EAB-C2CD-CEA7-2A3341AA88B9}.Debug|Any CPU.ActiveCfg = Debug|Any CPU
		{53219762-0EAB-C2CD-CEA7-2A3341AA88B9}.Debug|Any CPU.Build.0 = Debug|Any CPU
		{53219762-0EAB-C2CD-CEA7-2A3341AA88B9}.Release|Any CPU.ActiveCfg = Release|Any CPU
		{53219762-0EAB-C2CD-CEA7-2A3341AA88B9}.Release|Any CPU.Build.0 = Release|Any CPU
		{F8022977-3EE9-FA8F-461B-5A4821D18674}.Debug|Any CPU.ActiveCfg = Debug|Any CPU
		{F8022977-3EE9-FA8F-461B-5A4821D18674}.Debug|Any CPU.Build.0 = Debug|Any CPU
		{F8022977-3EE9-FA8F-461B-5A4821D18674}.Release|Any CPU.ActiveCfg = Release|Any CPU
		{F8022977-3EE9-FA8F-461B-5A4821D18674}.Release|Any CPU.Build.0 = Release|Any CPU
		{5196C56C-4822-A755-08E3-519C2296E45A}.Debug|Any CPU.ActiveCfg = Debug|Any CPU
		{5196C56C-4822-A755-08E3-519C2296E45A}.Debug|Any CPU.Build.0 = Debug|Any CPU
		{5196C56C-4822-A755-08E3-519C2296E45A}.Release|Any CPU.ActiveCfg = Release|Any CPU
		{5196C56C-4822-A755-08E3-519C2296E45A}.Release|Any CPU.Build.0 = Release|Any CPU
		{1371CE96-CB43-5EA7-129C-017A57977062}.Debug|Any CPU.ActiveCfg = Debug|Any CPU
		{1371CE96-CB43-5EA7-129C-017A57977062}.Debug|Any CPU.Build.0 = Debug|Any CPU
		{1371CE96-CB43-5EA7-129C-017A57977062}.Release|Any CPU.ActiveCfg = Release|Any CPU
		{1371CE96-CB43-5EA7-129C-017A57977062}.Release|Any CPU.Build.0 = Release|Any CPU
		{AB2CB0F1-C32D-E30E-53FC-9175F6E774C3}.Debug|Any CPU.ActiveCfg = Debug|Any CPU
		{AB2CB0F1-C32D-E30E-53FC-9175F6E774C3}.Debug|Any CPU.Build.0 = Debug|Any CPU
		{AB2CB0F1-C32D-E30E-53FC-9175F6E774C3}.Release|Any CPU.ActiveCfg = Release|Any CPU
		{AB2CB0F1-C32D-E30E-53FC-9175F6E774C3}.Release|Any CPU.Build.0 = Release|Any CPU
		{05EDFBE0-7445-89FD-3926-8A2168DA033D}.Debug|Any CPU.ActiveCfg = Debug|Any CPU
		{05EDFBE0-7445-89FD-3926-8A2168DA033D}.Debug|Any CPU.Build.0 = Debug|Any CPU
		{05EDFBE0-7445-89FD-3926-8A2168DA033D}.Release|Any CPU.ActiveCfg = Release|Any CPU
		{05EDFBE0-7445-89FD-3926-8A2168DA033D}.Release|Any CPU.Build.0 = Release|Any CPU
		{32CEE1B8-8681-85ED-29BF-5A5A0EFED9F3}.Debug|Any CPU.ActiveCfg = Debug|Any CPU
		{32CEE1B8-8681-85ED-29BF-5A5A0EFED9F3}.Debug|Any CPU.Build.0 = Debug|Any CPU
		{32CEE1B8-8681-85ED-29BF-5A5A0EFED9F3}.Release|Any CPU.ActiveCfg = Release|Any CPU
		{32CEE1B8-8681-85ED-29BF-5A5A0EFED9F3}.Release|Any CPU.Build.0 = Release|Any CPU
		{E0C05F42-A361-0597-D175-1B878A1FE6E0}.Debug|Any CPU.ActiveCfg = Debug|Any CPU
		{E0C05F42-A361-0597-D175-1B878A1FE6E0}.Debug|Any CPU.Build.0 = Debug|Any CPU
		{E0C05F42-A361-0597-D175-1B878A1FE6E0}.Release|Any CPU.ActiveCfg = Release|Any CPU
		{E0C05F42-A361-0597-D175-1B878A1FE6E0}.Release|Any CPU.Build.0 = Release|Any CPU
		{5E27F41E-F9A0-A347-4F91-E2FCC09AD7C6}.Debug|Any CPU.ActiveCfg = Debug|Any CPU
		{5E27F41E-F9A0-A347-4F91-E2FCC09AD7C6}.Debug|Any CPU.Build.0 = Debug|Any CPU
		{5E27F41E-F9A0-A347-4F91-E2FCC09AD7C6}.Release|Any CPU.ActiveCfg = Release|Any CPU
		{5E27F41E-F9A0-A347-4F91-E2FCC09AD7C6}.Release|Any CPU.Build.0 = Release|Any CPU
		{535E763F-682C-CEF9-483C-FFBC3C29ECB5}.Debug|Any CPU.ActiveCfg = Debug|Any CPU
		{535E763F-682C-CEF9-483C-FFBC3C29ECB5}.Debug|Any CPU.Build.0 = Debug|Any CPU
		{535E763F-682C-CEF9-483C-FFBC3C29ECB5}.Release|Any CPU.ActiveCfg = Release|Any CPU
		{535E763F-682C-CEF9-483C-FFBC3C29ECB5}.Release|Any CPU.Build.0 = Release|Any CPU
		{AF6888A6-D53C-C686-3D41-7A51EDAEAAB4}.Debug|Any CPU.ActiveCfg = Debug|Any CPU
		{AF6888A6-D53C-C686-3D41-7A51EDAEAAB4}.Debug|Any CPU.Build.0 = Debug|Any CPU
		{AF6888A6-D53C-C686-3D41-7A51EDAEAAB4}.Release|Any CPU.ActiveCfg = Release|Any CPU
		{AF6888A6-D53C-C686-3D41-7A51EDAEAAB4}.Release|Any CPU.Build.0 = Release|Any CPU
		{847B1E73-F667-E75A-2C25-1C7D447382EB}.Debug|Any CPU.ActiveCfg = Debug|Any CPU
		{847B1E73-F667-E75A-2C25-1C7D447382EB}.Debug|Any CPU.Build.0 = Debug|Any CPU
		{847B1E73-F667-E75A-2C25-1C7D447382EB}.Release|Any CPU.ActiveCfg = Release|Any CPU
		{847B1E73-F667-E75A-2C25-1C7D447382EB}.Release|Any CPU.Build.0 = Release|Any CPU
		{194DF573-931A-72BA-384C-8BC4D2B82781}.Debug|Any CPU.ActiveCfg = Debug|Any CPU
		{194DF573-931A-72BA-384C-8BC4D2B82781}.Debug|Any CPU.Build.0 = Debug|Any CPU
		{194DF573-931A-72BA-384C-8BC4D2B82781}.Release|Any CPU.ActiveCfg = Release|Any CPU
		{194DF573-931A-72BA-384C-8BC4D2B82781}.Release|Any CPU.Build.0 = Release|Any CPU
		{39E614CB-63B8-5C0D-B98C-F56523247426}.Debug|Any CPU.ActiveCfg = Debug|Any CPU
		{39E614CB-63B8-5C0D-B98C-F56523247426}.Debug|Any CPU.Build.0 = Debug|Any CPU
		{39E614CB-63B8-5C0D-B98C-F56523247426}.Release|Any CPU.ActiveCfg = Release|Any CPU
		{39E614CB-63B8-5C0D-B98C-F56523247426}.Release|Any CPU.Build.0 = Release|Any CPU
		{43A7519E-CE30-0F27-F712-867549DE3F26}.Debug|Any CPU.ActiveCfg = Debug|Any CPU
		{43A7519E-CE30-0F27-F712-867549DE3F26}.Debug|Any CPU.Build.0 = Debug|Any CPU
		{43A7519E-CE30-0F27-F712-867549DE3F26}.Release|Any CPU.ActiveCfg = Release|Any CPU
		{43A7519E-CE30-0F27-F712-867549DE3F26}.Release|Any CPU.Build.0 = Release|Any CPU
		{25AF3906-F03C-62FF-0F4F-87BA6594E54F}.Debug|Any CPU.ActiveCfg = Debug|Any CPU
		{25AF3906-F03C-62FF-0F4F-87BA6594E54F}.Debug|Any CPU.Build.0 = Debug|Any CPU
		{25AF3906-F03C-62FF-0F4F-87BA6594E54F}.Release|Any CPU.ActiveCfg = Release|Any CPU
		{25AF3906-F03C-62FF-0F4F-87BA6594E54F}.Release|Any CPU.Build.0 = Release|Any CPU
	EndGlobalSection
	GlobalSection(SolutionProperties) = preSolution
		HideSolutionNode = FALSE
	EndGlobalSection
EndGlobal
